
Microsoft Visual Studio Solution File, Format Version 12.00
# Visual Studio Version 17
VisualStudioVersion = 17.7.34221.43
MinimumVisualStudioVersion = 10.0.40219.1
Project("{FAE04EC0-301F-11D3-BF4B-00C04F79EFBC}") = "Application", "Application\Application.csproj", "{9CDFA81E-36B8-4731-8084-36ACCC6A0DD7}"
EndProject
Project("{FAE04EC0-301F-11D3-BF4B-00C04F79EFBC}") = "Domain", "Domain\Domain.csproj", "{39E2ECDC-D132-46D2-A70B-C146A5DAD075}"
EndProject
Project("{FAE04EC0-301F-11D3-BF4B-00C04F79EFBC}") = "Infrastructure", "Infrastructure\Infrastructure.csproj", "{7B3A0A5D-1054-4CD7-A0FF-2F85AAA8FD03}"
EndProject
Project("{FAE04EC0-301F-11D3-BF4B-00C04F79EFBC}") = "WebAPI", "WebAPI\WebAPI.csproj", "{1C2D619D-C02B-4B31-9777-49B747390B52}"
EndProject
Global
	GlobalSection(SolutionConfigurationPlatforms) = preSolution
		Debug|Any CPU = Debug|Any CPU
		Release|Any CPU = Release|Any CPU
	EndGlobalSection
	GlobalSection(ProjectConfigurationPlatforms) = postSolution
		{9CDFA81E-36B8-4731-8084-36ACCC6A0DD7}.Debug|Any CPU.ActiveCfg = Debug|Any CPU
		{9CDFA81E-36B8-4731-8084-36ACCC6A0DD7}.Debug|Any CPU.Build.0 = Debug|Any CPU
		{9CDFA81E-36B8-4731-8084-36ACCC6A0DD7}.Release|Any CPU.ActiveCfg = Release|Any CPU
		{9CDFA81E-36B8-4731-8084-36ACCC6A0DD7}.Release|Any CPU.Build.0 = Release|Any CPU
		{39E2ECDC-D132-46D2-A70B-C146A5DAD075}.Debug|Any CPU.ActiveCfg = Debug|Any CPU
		{39E2ECDC-D132-46D2-A70B-C146A5DAD075}.Debug|Any CPU.Build.0 = Debug|Any CPU
		{39E2ECDC-D132-46D2-A70B-C146A5DAD075}.Release|Any CPU.ActiveCfg = Release|Any CPU
		{39E2ECDC-D132-46D2-A70B-C146A5DAD075}.Release|Any CPU.Build.0 = Release|Any CPU
		{7B3A0A5D-1054-4CD7-A0FF-2F85AAA8FD03}.Debug|Any CPU.ActiveCfg = Debug|Any CPU
		{7B3A0A5D-1054-4CD7-A0FF-2F85AAA8FD03}.Debug|Any CPU.Build.0 = Debug|Any CPU
		{7B3A0A5D-1054-4CD7-A0FF-2F85AAA8FD03}.Release|Any CPU.ActiveCfg = Release|Any CPU
		{7B3A0A5D-1054-4CD7-A0FF-2F85AAA8FD03}.Release|Any CPU.Build.0 = Release|Any CPU
		{1C2D619D-C02B-4B31-9777-49B747390B52}.Debug|Any CPU.ActiveCfg = Debug|Any CPU
		{1C2D619D-C02B-4B31-9777-49B747390B52}.Debug|Any CPU.Build.0 = Debug|Any CPU
		{1C2D619D-C02B-4B31-9777-49B747390B52}.Release|Any CPU.ActiveCfg = Release|Any CPU
		{1C2D619D-C02B-4B31-9777-49B747390B52}.Release|Any CPU.Build.0 = Release|Any CPU
	EndGlobalSection
	GlobalSection(SolutionProperties) = preSolution
		HideSolutionNode = FALSE
	EndGlobalSection
	GlobalSection(ExtensibilityGlobals) = postSolution
		SolutionGuid = {3DEB770B-B01A-4F69-9DD2-F5E5F74EE1A5}
	EndGlobalSection
EndGlobal
